
Microsoft Visual Studio Solution File, Format Version 12.00
# Visual Studio Version 17
VisualStudioVersion = 17.11.35222.181
MinimumVisualStudioVersion = 10.0.40219.1
Project("{FAE04EC0-301F-11D3-BF4B-00C04F79EFBC}") = "Pecas", "Pecas\Pecas.csproj", "{B2301FA4-A5A7-4BD5-8803-66691CED5308}"
EndProject
Global
	GlobalSection(SolutionConfigurationPlatforms) = preSolution
		Debug|Any CPU = Debug|Any CPU
		Release|Any CPU = Release|Any CPU
	EndGlobalSection
	GlobalSection(ProjectConfigurationPlatforms) = postSolution
		{B2301FA4-A5A7-4BD5-8803-66691CED5308}.Debug|Any CPU.ActiveCfg = Debug|Any CPU
		{B2301FA4-A5A7-4BD5-8803-66691CED5308}.Debug|Any CPU.Build.0 = Debug|Any CPU
		{B2301FA4-A5A7-4BD5-8803-66691CED5308}.Release|Any CPU.ActiveCfg = Release|Any CPU
		{B2301FA4-A5A7-4BD5-8803-66691CED5308}.Release|Any CPU.Build.0 = Release|Any CPU
	EndGlobalSection
	GlobalSection(SolutionProperties) = preSolution
		HideSolutionNode = FALSE
	EndGlobalSection
	GlobalSection(ExtensibilityGlobals) = postSolution
		SolutionGuid = {631B940F-B1F2-467F-B666-49A76C585985}
	EndGlobalSection
EndGlobal
